
Microsoft Visual Studio Solution File, Format Version 12.00
# Visual Studio Version 16
VisualStudioVersion = 25.0.1703.5
MinimumVisualStudioVersion = 10.0.40219.1
Project("{FAE04EC0-301F-11D3-BF4B-00C04F79EFBC}") = "Uloha_1_OOP", "Uloha_1_OOP\Uloha_1_OOP.csproj", "{ECC71F9A-21F6-4374-B42C-80FBD896FC74}"
EndProject
Global
	GlobalSection(SolutionConfigurationPlatforms) = preSolution
		Debug|Any CPU = Debug|Any CPU
		Release|Any CPU = Release|Any CPU
	EndGlobalSection
	GlobalSection(ProjectConfigurationPlatforms) = postSolution
		{ECC71F9A-21F6-4374-B42C-80FBD896FC74}.Debug|Any CPU.ActiveCfg = Debug|Any CPU
		{ECC71F9A-21F6-4374-B42C-80FBD896FC74}.Debug|Any CPU.Build.0 = Debug|Any CPU
		{ECC71F9A-21F6-4374-B42C-80FBD896FC74}.Release|Any CPU.ActiveCfg = Release|Any CPU
		{ECC71F9A-21F6-4374-B42C-80FBD896FC74}.Release|Any CPU.Build.0 = Release|Any CPU
	EndGlobalSection
	GlobalSection(SolutionProperties) = preSolution
		HideSolutionNode = FALSE
	EndGlobalSection
	GlobalSection(ExtensibilityGlobals) = postSolution
		SolutionGuid = {1E9C46F7-3018-4347-BCA8-7357078B435B}
	EndGlobalSection
EndGlobal
