
Microsoft Visual Studio Solution File, Format Version 12.00
Project("{FAE04EC0-301F-11D3-BF4B-00C04F79EFBC}") = "LoL API projekt", "LoL API projekt.csproj", "{F01E8BD0-57CF-4E68-A842-B12DE02828DA}"
EndProject
Global
	GlobalSection(SolutionConfigurationPlatforms) = preSolution
		Debug|Any CPU = Debug|Any CPU
		Release|Any CPU = Release|Any CPU
	EndGlobalSection
	GlobalSection(ProjectConfigurationPlatforms) = postSolution
		{F01E8BD0-57CF-4E68-A842-B12DE02828DA}.Debug|Any CPU.ActiveCfg = Debug|Any CPU
		{F01E8BD0-57CF-4E68-A842-B12DE02828DA}.Debug|Any CPU.Build.0 = Debug|Any CPU
		{F01E8BD0-57CF-4E68-A842-B12DE02828DA}.Release|Any CPU.ActiveCfg = Release|Any CPU
		{F01E8BD0-57CF-4E68-A842-B12DE02828DA}.Release|Any CPU.Build.0 = Release|Any CPU
	EndGlobalSection
EndGlobal
